// !$*UTF8*$!
{
	archiveVersion = 1;
	classes = {
	};
	objectVersion = 46;
	objects = {

/* Begin PBXBuildFile section */
		ACDC01201C6893A0008C1B2B /* main.m in Sources */ = {isa = PBXBuildFile; fileRef = ACDC011F1C6893A0008C1B2B /* main.m */; };
		ACDC012A1C68C314008C1B2B /* SimpleCar.m in Sources */ = {isa = PBXBuildFile; fileRef = ACDC01291C68C314008C1B2B /* SimpleCar.m */; };
/* End PBXBuildFile section */

/* Begin PBXCopyFilesBuildPhase section */
		ACDC011A1C6893A0008C1B2B /* CopyFiles */ = {
			isa = PBXCopyFilesBuildPhase;
			buildActionMask = 2147483647;
			dstPath = /usr/share/man/man1/;
			dstSubfolderSpec = 0;
			files = (
			);
			runOnlyForDeploymentPostprocessing = 1;
		};
/* End PBXCopyFilesBuildPhase section */

/* Begin PBXFileReference section */
		ACDC011C1C6893A0008C1B2B /* oc-grammar */ = {isa = PBXFileReference; explicitFileType = "compiled.mach-o.executable"; includeInIndex = 0; path = "oc-grammar"; sourceTree = BUILT_PRODUCTS_DIR; };
		ACDC011F1C6893A0008C1B2B /* main.m */ = {isa = PBXFileReference; lastKnownFileType = sourcecode.c.objc; path = main.m; sourceTree = "<group>"; };
		ACDC01261C68C18F008C1B2B /* SimpleCar.h */ = {isa = PBXFileReference; lastKnownFileType = sourcecode.c.h; path = SimpleCar.h; sourceTree = "<group>"; };
		ACDC01291C68C314008C1B2B /* SimpleCar.m */ = {isa = PBXFileReference; fileEncoding = 4; lastKnownFileType = sourcecode.c.objc; path = SimpleCar.m; sourceTree = "<group>"; };
/* End PBXFileReference section */

/* Begin PBXFrameworksBuildPhase section */
		ACDC01191C6893A0008C1B2B /* Frameworks */ = {
			isa = PBXFrameworksBuildPhase;
			buildActionMask = 2147483647;
			files = (
			);
			runOnlyForDeploymentPostprocessing = 0;
		};
/* End PBXFrameworksBuildPhase section */

/* Begin PBXGroup section */
		ACDC01131C6893A0008C1B2B = {
			isa = PBXGroup;
			children = (
				ACDC011E1C6893A0008C1B2B /* oc-grammar */,
				ACDC011D1C6893A0008C1B2B /* Products */,
			);
			sourceTree = "<group>";
		};
		ACDC011D1C6893A0008C1B2B /* Products */ = {
			isa = PBXGroup;
			children = (
				ACDC011C1C6893A0008C1B2B /* oc-grammar */,
			);
			name = Products;
			sourceTree = "<group>";
		};
		ACDC011E1C6893A0008C1B2B /* oc-grammar */ = {
			isa = PBXGroup;
			children = (
				ACDC011F1C6893A0008C1B2B /* main.m */,
				ACDC01261C68C18F008C1B2B /* SimpleCar.h */,
				ACDC01291C68C314008C1B2B /* SimpleCar.m */,
			);
			path = "oc-grammar";
			sourceTree = "<group>";
		};
/* End PBXGroup section */

/* Begin PBXNativeTarget section */
		ACDC011B1C6893A0008C1B2B /* oc-grammar */ = {
			isa = PBXNativeTarget;
			buildConfigurationList = ACDC01231C6893A0008C1B2B /* Build configuration list for PBXNativeTarget "oc-grammar" */;
			buildPhases = (
				ACDC01181C6893A0008C1B2B /* Sources */,
				ACDC01191C6893A0008C1B2B /* Frameworks */,
				ACDC011A1C6893A0008C1B2B /* CopyFiles */,
			);
			buildRules = (
			);
			dependencies = (
			);
			name = "oc-grammar";
			productName = "oc-grammar";
			productReference = ACDC011C1C6893A0008C1B2B /* oc-grammar */;
			productType = "com.apple.product-type.tool";
		};
/* End PBXNativeTarget section */

/* Begin PBXProject section */
		ACDC01141C6893A0008C1B2B /* Project object */ = {
			isa = PBXProject;
			attributes = {
				LastUpgradeCheck = 0720;
				ORGANIZATIONNAME = yangbolin;
				TargetAttributes = {
					ACDC011B1C6893A0008C1B2B = {
						CreatedOnToolsVersion = 7.2;
					};
				};
			};
			buildConfigurationList = ACDC01171C6893A0008C1B2B /* Build configuration list for PBXProject "oc-grammar" */;
			compatibilityVersion = "Xcode 3.2";
			developmentRegion = English;
			hasScannedForEncodings = 0;
			knownRegions = (
				en,
			);
			mainGroup = ACDC01131C6893A0008C1B2B;
			productRefGroup = ACDC011D1C6893A0008C1B2B /* Products */;
			projectDirPath = "";
			projectRoot = "";
			targets = (
				ACDC011B1C6893A0008C1B2B /* oc-grammar */,
			);
		};
/* End PBXProject section */

/* Begin PBXSourcesBuildPhase section */
		ACDC01181C6893A0008C1B2B /* Sources */ = {
			isa = PBXSourcesBuildPhase;
			buildActionMask = 2147483647;
			files = (
				ACDC012A1C68C314008C1B2B /* SimpleCar.m in Sources */,
				ACDC01201C6893A0008C1B2B /* main.m in Sources */,
			);
			runOnlyForDeploymentPostprocessing = 0;
		};
/* End PBXSourcesBuildPhase section */

/* Begin XCBuildConfiguration section */
		ACDC01211C6893A0008C1B2B /* Debug */ = {
			isa = XCBuildConfiguration;
			buildSettings = {
				ALWAYS_SEARCH_USER_PATHS = NO;
				CLANG_CXX_LANGUAGE_STANDARD = "gnu++0x";
				CLANG_CXX_LIBRARY = "libc++";
				CLANG_ENABLE_MODULES = YES;
				CLANG_ENABLE_OBJC_ARC = YES;
				CLANG_WARN_BOOL_CONVERSION = YES;
				CLANG_WARN_CONSTANT_CONVERSION = YES;
				CLANG_WARN_DIRECT_OBJC_ISA_USAGE = YES_ERROR;
				CLANG_WARN_EMPTY_BODY = YES;
				CLANG_WARN_ENUM_CONVERSION = YES;
				CLANG_WARN_INT_CONVERSION = YES;
				CLANG_WARN_OBJC_ROOT_CLASS = YES_ERROR;
				CLANG_WARN_UNREACHABLE_CODE = YES;
				CLANG_WARN__DUPLICATE_METHOD_MATCH = YES;
				CODE_SIGN_IDENTITY = "-";
				COPY_PHASE_STRIP = NO;
				DEBUG_INFORMATION_FORMAT = dwarf;
				ENABLE_STRICT_OBJC_MSGSEND = YES;
				ENABLE_TESTABILITY = YES;
				GCC_C_LANGUAGE_STANDARD = gnu99;
				GCC_DYNAMIC_NO_PIC = NO;
				GCC_NO_COMMON_BLOCKS = YES;
				GCC_OPTIMIZATION_LEVEL = 0;
				GCC_PREPROCESSOR_DEFINITIONS = (
					"DEBUG=1",
					"$(inherited)",
				);
				GCC_WARN_64_TO_32_BIT_CONVERSION = YES;
				GCC_WARN_ABOUT_RETURN_TYPE = YES_ERROR;
				GCC_WARN_UNDECLARED_SELECTOR = YES;
				GCC_WARN_UNINITIALIZED_AUTOS = YES_AGGRESSIVE;
				GCC_WARN_UNUSED_FUNCTION = YES;
				GCC_WARN_UNUSED_VARIABLE = YES;
				MACOSX_DEPLOYMENT_TARGET = 10.10;
				MTL_ENABLE_DEBUG_INFO = YES;
				ONLY_ACTIVE_ARCH = YES;
				SDKROOT = macosx;
			};
			name = Debug;
		};
		ACDC01221C6893A0008C1B2B /* Release */ = {
			isa = XCBuildConfiguration;
			buildSettings = {
				ALWAYS_SEARCH_USER_PATHS = NO;
				CLANG_CXX_LANGUAGE_STANDARD = "gnu++0x";
				CLANG_CXX_LIBRARY = "libc++";
				CLANG_ENABLE_MODULES = YES;
				CLANG_ENABLE_OBJC_ARC = YES;
				CLANG_WARN_BOOL_CONVERSION = YES;
				CLANG_WARN_CONSTANT_CONVERSION = YES;
				CLANG_WARN_DIRECT_OBJC_ISA_USAGE = YES_ERROR;
				CLANG_WARN_EMPTY_BODY = YES;
				CLANG_WARN_ENUM_CONVERSION = YES;
				CLANG_WARN_INT_CONVERSION = YES;
				CLANG_WARN_OBJC_ROOT_CLASS = YES_ERROR;
				CLANG_WARN_UNREACHABLE_CODE = YES;
				CLANG_WARN__DUPLICATE_METHOD_MATCH = YES;
				CODE_SIGN_IDENTITY = "-";
				COPY_PHASE_STRIP = NO;
				DEBUG_INFORMATION_FORMAT = "dwarf-with-dsym";
				ENABLE_NS_ASSERTIONS = NO;
				ENABLE_STRICT_OBJC_MSGSEND = YES;
				GCC_C_LANGUAGE_STANDARD = gnu99;
				GCC_NO_COMMON_BLOCKS = YES;
				GCC_WARN_64_TO_32_BIT_CONVERSION = YES;
				GCC_WARN_ABOUT_RETURN_TYPE = YES_ERROR;
				GCC_WARN_UNDECLARED_SELECTOR = YES;
				GCC_WARN_UNINITIALIZED_AUTOS = YES_AGGRESSIVE;
				GCC_WARN_UNUSED_FUNCTION = YES;
				GCC_WARN_UNUSED_VARIABLE = YES;
				MACOSX_DEPLOYMENT_TARGET = 10.10;
				MTL_ENABLE_DEBUG_INFO = NO;
				SDKROOT = macosx;
			};
			name = Release;
		};
		ACDC01241C6893A0008C1B2B /* Debug */ = {
			isa = XCBuildConfiguration;
			buildSettings = {
				PRODUCT_NAME = "$(TARGET_NAME)";
			};
			name = Debug;
		};
		ACDC01251C6893A0008C1B2B /* Release */ = {
			isa = XCBuildConfiguration;
			buildSettings = {
				PRODUCT_NAME = "$(TARGET_NAME)";
			};
			name = Release;
		};
/* End XCBuildConfiguration section */

/* Begin XCConfigurationList section */
		ACDC01171C6893A0008C1B2B /* Build configuration list for PBXProject "oc-grammar" */ = {
			isa = XCConfigurationList;
			buildConfigurations = (
				ACDC01211C6893A0008C1B2B /* Debug */,
				ACDC01221C6893A0008C1B2B /* Release */,
			);
			defaultConfigurationIsVisible = 0;
			defaultConfigurationName = Release;
		};
		ACDC01231C6893A0008C1B2B /* Build configuration list for PBXNativeTarget "oc-grammar" */ = {
			isa = XCConfigurationList;
			buildConfigurations = (
				ACDC01241C6893A0008C1B2B /* Debug */,
				ACDC01251C6893A0008C1B2B /* Release */,
			);
			defaultConfigurationIsVisible = 0;
		};
/* End XCConfigurationList section */
	};
	rootObject = ACDC01141C6893A0008C1B2B /* Project object */;
}
